{
  "object": {
    "pins": [
      {
        "package": "Archivable",
        "repositoryURL": "https://github.com/archivable/package.git",
        "state": {
          "branch": "main",
          "revision": "cf533b82eaefe98d615213e6e1570f6913316e41",
          "version": null
        }
      }
    ]
  },
  "version": 1
}
