{
  "object": {
    "pins": [
      {
        "package": "Archivable",
        "repositoryURL": "https://github.com/archivable/package.git",
        "state": {
          "branch": "main",
          "revision": "862f57e22fc5513a3e571109517864f2df7bf890",
          "version": null
        }
      }
    ]
  },
  "version": 1
}
